{
  "requires": true,
  "lockfileVersion": 1,
  "dependencies": {
    "@esri/arcgis-to-geojson-utils": {
      "version": "1.0.5",
      "resolved": "https://registry.npmjs.org/@esri/arcgis-to-geojson-utils/-/arcgis-to-geojson-utils-1.0.5.tgz",
      "integrity": "sha512-vG4Ih7WyRuwWSuu6HzjDgj8lnVQ0IZK2JjF1bn+HpdNHc1KN/WLsLjGu7A/hdsShVsiWTPdKVa0mDYVrUOXbhw=="
    },
    "esri-leaflet": {
      "version": "2.1.2",
      "resolved": "https://registry.npmjs.org/esri-leaflet/-/esri-leaflet-2.1.2.tgz",
      "integrity": "sha512-hyCZI9/KxbDTjxO5MDbZjQIYVhGRTKkTkCTiMJyB02bqBNS6bM2MAxz7iW3u4JRKqhLziSfnVDNx3cMYUQs1zg==",
      "requires": {
        "@esri/arcgis-to-geojson-utils": "1.0.5",
        "leaflet-virtual-grid": "1.0.4",
        "tiny-binary-search": "1.0.2"
      }
    },
    "esri-leaflet-legend": {
      "version": "2.0.1",
      "resolved": "https://registry.npmjs.org/esri-leaflet-legend/-/esri-leaflet-legend-2.0.1.tgz",
      "integrity": "sha512-q3gixJki+uQetOGG4+YGdGUiQ9faJlnrPMoCYhD1ouTb9f06CHz0rFet4D1DnsuOPZcaCCxLusNjyjJdJTZj7A==",
      "requires": {
        "esri-leaflet": "2.1.2",
        "leaflet": "1.0.3"
      }
    },
    "leaflet": {
      "version": "1.0.3",
      "resolved": "https://registry.npmjs.org/leaflet/-/leaflet-1.0.3.tgz",
      "integrity": "sha1-H0AbmLRcgZITTGyNaWhiU4BQB8g="
    },
    "leaflet-virtual-grid": {
      "version": "1.0.4",
      "resolved": "https://registry.npmjs.org/leaflet-virtual-grid/-/leaflet-virtual-grid-1.0.4.tgz",
      "integrity": "sha1-ZgAoVNlOgaMHx5CiKBe+vJT5kMM=",
      "requires": {
        "leaflet": "1.0.3"
      }
    },
    "tiny-binary-search": {
      "version": "1.0.2",
      "resolved": "https://registry.npmjs.org/tiny-binary-search/-/tiny-binary-search-1.0.2.tgz",
      "integrity": "sha1-1MXMzlq6C0yu4hkJGT5LlLq1j0U="
    }
  }
}
